// !$*UTF8*$!
{
	archiveVersion = 1;
	classes = {
	};
	objectVersion = 46;
	objects = {

/* Begin PBXBuildFile section */
		89ABC41B84E9ECEB27526ABD /* Pods_cable.framework in Frameworks */ = {isa = PBXBuildFile; fileRef = B28B154A0D823E48A48D4512 /* Pods_cable.framework */; };
		C16FF7381EFD98BA00136C4B /* LoginController.swift in Sources */ = {isa = PBXBuildFile; fileRef = C16FF7371EFD98BA00136C4B /* LoginController.swift */; };
		C16FF73B1EFDF4BC00136C4B /* HomeCell.swift in Sources */ = {isa = PBXBuildFile; fileRef = C16FF73A1EFDF4BC00136C4B /* HomeCell.swift */; };
		C16FF73D1EFF1CEC00136C4B /* GoogleService-Info.plist in Resources */ = {isa = PBXBuildFile; fileRef = C16FF73C1EFF1CEC00136C4B /* GoogleService-Info.plist */; };
		C1B0A0E71EFC70EA003BEE91 /* AppDelegate.swift in Sources */ = {isa = PBXBuildFile; fileRef = C1B0A0E61EFC70EA003BEE91 /* AppDelegate.swift */; };
		C1B0A0E91EFC70EA003BEE91 /* HomeController.swift in Sources */ = {isa = PBXBuildFile; fileRef = C1B0A0E81EFC70EA003BEE91 /* HomeController.swift */; };
		C1B0A0EE1EFC70EA003BEE91 /* Assets.xcassets in Resources */ = {isa = PBXBuildFile; fileRef = C1B0A0ED1EFC70EA003BEE91 /* Assets.xcassets */; };
		C1B0A0F11EFC70EA003BEE91 /* LaunchScreen.storyboard in Resources */ = {isa = PBXBuildFile; fileRef = C1B0A0EF1EFC70EA003BEE91 /* LaunchScreen.storyboard */; };
		C1B0A0FC1EFC70EA003BEE91 /* cableTests.swift in Sources */ = {isa = PBXBuildFile; fileRef = C1B0A0FB1EFC70EA003BEE91 /* cableTests.swift */; };
		C1B0A1071EFC70EA003BEE91 /* cableUITests.swift in Sources */ = {isa = PBXBuildFile; fileRef = C1B0A1061EFC70EA003BEE91 /* cableUITests.swift */; };
		C1B0A1161EFC74AF003BEE91 /* Extensions.swift in Sources */ = {isa = PBXBuildFile; fileRef = C1B0A1151EFC74AF003BEE91 /* Extensions.swift */; };
/* End PBXBuildFile section */

/* Begin PBXContainerItemProxy section */
		C1B0A0F81EFC70EA003BEE91 /* PBXContainerItemProxy */ = {
			isa = PBXContainerItemProxy;
			containerPortal = C1B0A0DB1EFC70EA003BEE91 /* Project object */;
			proxyType = 1;
			remoteGlobalIDString = C1B0A0E21EFC70EA003BEE91;
			remoteInfo = cable;
		};
		C1B0A1031EFC70EA003BEE91 /* PBXContainerItemProxy */ = {
			isa = PBXContainerItemProxy;
			containerPortal = C1B0A0DB1EFC70EA003BEE91 /* Project object */;
			proxyType = 1;
			remoteGlobalIDString = C1B0A0E21EFC70EA003BEE91;
			remoteInfo = cable;
		};
/* End PBXContainerItemProxy section */

/* Begin PBXFileReference section */
		47B66ACF384AA622F7518386 /* Pods_cableUITests.framework */ = {isa = PBXFileReference; explicitFileType = wrapper.framework; includeInIndex = 0; path = Pods_cableUITests.framework; sourceTree = BUILT_PRODUCTS_DIR; };
		7A7FBFA21CA98BBCE20FCE7D /* Pods-cable.debug.xcconfig */ = {isa = PBXFileReference; includeInIndex = 1; lastKnownFileType = text.xcconfig; name = "Pods-cable.debug.xcconfig"; path = "Pods/Target Support Files/Pods-cable/Pods-cable.debug.xcconfig"; sourceTree = "<group>"; };
		B28B154A0D823E48A48D4512 /* Pods_cable.framework */ = {isa = PBXFileReference; explicitFileType = wrapper.framework; includeInIndex = 0; path = Pods_cable.framework; sourceTree = BUILT_PRODUCTS_DIR; };
		C16FF7371EFD98BA00136C4B /* LoginController.swift */ = {isa = PBXFileReference; fileEncoding = 4; lastKnownFileType = sourcecode.swift; path = LoginController.swift; sourceTree = "<group>"; };
		C16FF73A1EFDF4BC00136C4B /* HomeCell.swift */ = {isa = PBXFileReference; fileEncoding = 4; lastKnownFileType = sourcecode.swift; path = HomeCell.swift; sourceTree = "<group>"; };
		C16FF73C1EFF1CEC00136C4B /* GoogleService-Info.plist */ = {isa = PBXFileReference; fileEncoding = 4; lastKnownFileType = text.plist.xml; path = "GoogleService-Info.plist"; sourceTree = "<group>"; };
		C1B0A0E31EFC70EA003BEE91 /* cable.app */ = {isa = PBXFileReference; explicitFileType = wrapper.application; includeInIndex = 0; path = cable.app; sourceTree = BUILT_PRODUCTS_DIR; };
		C1B0A0E61EFC70EA003BEE91 /* AppDelegate.swift */ = {isa = PBXFileReference; lastKnownFileType = sourcecode.swift; path = AppDelegate.swift; sourceTree = "<group>"; };
		C1B0A0E81EFC70EA003BEE91 /* HomeController.swift */ = {isa = PBXFileReference; lastKnownFileType = sourcecode.swift; path = HomeController.swift; sourceTree = "<group>"; };
		C1B0A0ED1EFC70EA003BEE91 /* Assets.xcassets */ = {isa = PBXFileReference; lastKnownFileType = folder.assetcatalog; path = Assets.xcassets; sourceTree = "<group>"; };
		C1B0A0F01EFC70EA003BEE91 /* Base */ = {isa = PBXFileReference; lastKnownFileType = file.storyboard; name = Base; path = Base.lproj/LaunchScreen.storyboard; sourceTree = "<group>"; };
		C1B0A0F21EFC70EA003BEE91 /* Info.plist */ = {isa = PBXFileReference; lastKnownFileType = text.plist.xml; path = Info.plist; sourceTree = "<group>"; };
		C1B0A0F71EFC70EA003BEE91 /* cableTests.xctest */ = {isa = PBXFileReference; explicitFileType = wrapper.cfbundle; includeInIndex = 0; path = cableTests.xctest; sourceTree = BUILT_PRODUCTS_DIR; };
		C1B0A0FB1EFC70EA003BEE91 /* cableTests.swift */ = {isa = PBXFileReference; lastKnownFileType = sourcecode.swift; path = cableTests.swift; sourceTree = "<group>"; };
		C1B0A0FD1EFC70EA003BEE91 /* Info.plist */ = {isa = PBXFileReference; lastKnownFileType = text.plist.xml; path = Info.plist; sourceTree = "<group>"; };
		C1B0A1021EFC70EA003BEE91 /* cableUITests.xctest */ = {isa = PBXFileReference; explicitFileType = wrapper.cfbundle; includeInIndex = 0; path = cableUITests.xctest; sourceTree = BUILT_PRODUCTS_DIR; };
		C1B0A1061EFC70EA003BEE91 /* cableUITests.swift */ = {isa = PBXFileReference; lastKnownFileType = sourcecode.swift; path = cableUITests.swift; sourceTree = "<group>"; };
		C1B0A1081EFC70EA003BEE91 /* Info.plist */ = {isa = PBXFileReference; lastKnownFileType = text.plist.xml; path = Info.plist; sourceTree = "<group>"; };
		C1B0A1151EFC74AF003BEE91 /* Extensions.swift */ = {isa = PBXFileReference; fileEncoding = 4; lastKnownFileType = sourcecode.swift; path = Extensions.swift; sourceTree = "<group>"; };
		C4A6C75A2D90774055CF2FEC /* Pods-cable.release.xcconfig */ = {isa = PBXFileReference; includeInIndex = 1; lastKnownFileType = text.xcconfig; name = "Pods-cable.release.xcconfig"; path = "Pods/Target Support Files/Pods-cable/Pods-cable.release.xcconfig"; sourceTree = "<group>"; };
		F0666204C43542E1E25A7C34 /* Pods_cableTests.framework */ = {isa = PBXFileReference; explicitFileType = wrapper.framework; includeInIndex = 0; path = Pods_cableTests.framework; sourceTree = BUILT_PRODUCTS_DIR; };
/* End PBXFileReference section */

/* Begin PBXFrameworksBuildPhase section */
		C1B0A0E01EFC70EA003BEE91 /* Frameworks */ = {
			isa = PBXFrameworksBuildPhase;
			buildActionMask = 2147483647;
			files = (
				89ABC41B84E9ECEB27526ABD /* Pods_cable.framework in Frameworks */,
			);
			runOnlyForDeploymentPostprocessing = 0;
		};
		C1B0A0F41EFC70EA003BEE91 /* Frameworks */ = {
			isa = PBXFrameworksBuildPhase;
			buildActionMask = 2147483647;
			files = (
			);
			runOnlyForDeploymentPostprocessing = 0;
		};
		C1B0A0FF1EFC70EA003BEE91 /* Frameworks */ = {
			isa = PBXFrameworksBuildPhase;
			buildActionMask = 2147483647;
			files = (
			);
			runOnlyForDeploymentPostprocessing = 0;
		};
/* End PBXFrameworksBuildPhase section */

/* Begin PBXGroup section */
		72A3A074B52C58CE4A3CC5DE /* Pods */ = {
			isa = PBXGroup;
			children = (
				7A7FBFA21CA98BBCE20FCE7D /* Pods-cable.debug.xcconfig */,
				C4A6C75A2D90774055CF2FEC /* Pods-cable.release.xcconfig */,
			);
			name = Pods;
			sourceTree = "<group>";
		};
		84B1A1B0FCBA2A972CB41885 /* Frameworks */ = {
			isa = PBXGroup;
			children = (
				B28B154A0D823E48A48D4512 /* Pods_cable.framework */,
				F0666204C43542E1E25A7C34 /* Pods_cableTests.framework */,
				47B66ACF384AA622F7518386 /* Pods_cableUITests.framework */,
			);
			name = Frameworks;
			sourceTree = "<group>";
		};
		C16FF7361EFD989600136C4B /* Controller */ = {
			isa = PBXGroup;
			children = (
				C1B0A0E81EFC70EA003BEE91 /* HomeController.swift */,
				C16FF7371EFD98BA00136C4B /* LoginController.swift */,
			);
			name = Controller;
			sourceTree = "<group>";
		};
		C16FF7391EFDF4AB00136C4B /* View */ = {
			isa = PBXGroup;
			children = (
				C16FF73A1EFDF4BC00136C4B /* HomeCell.swift */,
			);
			name = View;
			sourceTree = "<group>";
		};
		C1B0A0DA1EFC70EA003BEE91 = {
			isa = PBXGroup;
			children = (
				C1B0A0E51EFC70EA003BEE91 /* cable */,
				C1B0A0FA1EFC70EA003BEE91 /* cableTests */,
				C1B0A1051EFC70EA003BEE91 /* cableUITests */,
				C1B0A0E41EFC70EA003BEE91 /* Products */,
				72A3A074B52C58CE4A3CC5DE /* Pods */,
				84B1A1B0FCBA2A972CB41885 /* Frameworks */,
			);
			sourceTree = "<group>";
		};
		C1B0A0E41EFC70EA003BEE91 /* Products */ = {
			isa = PBXGroup;
			children = (
				C1B0A0E31EFC70EA003BEE91 /* cable.app */,
				C1B0A0F71EFC70EA003BEE91 /* cableTests.xctest */,
				C1B0A1021EFC70EA003BEE91 /* cableUITests.xctest */,
			);
			name = Products;
			sourceTree = "<group>";
		};
		C1B0A0E51EFC70EA003BEE91 /* cable */ = {
			isa = PBXGroup;
			children = (
				C16FF7391EFDF4AB00136C4B /* View */,
				C16FF7361EFD989600136C4B /* Controller */,
				C1B0A0E61EFC70EA003BEE91 /* AppDelegate.swift */,
				C1B0A0ED1EFC70EA003BEE91 /* Assets.xcassets */,
				C1B0A0EF1EFC70EA003BEE91 /* LaunchScreen.storyboard */,
				C1B0A0F21EFC70EA003BEE91 /* Info.plist */,
				C16FF73C1EFF1CEC00136C4B /* GoogleService-Info.plist */,
				C1B0A1141EFC749A003BEE91 /* Extensions */,
			);
			path = cable;
			sourceTree = "<group>";
		};
		C1B0A0FA1EFC70EA003BEE91 /* cableTests */ = {
			isa = PBXGroup;
			children = (
				C1B0A0FB1EFC70EA003BEE91 /* cableTests.swift */,
				C1B0A0FD1EFC70EA003BEE91 /* Info.plist */,
			);
			path = cableTests;
			sourceTree = "<group>";
		};
		C1B0A1051EFC70EA003BEE91 /* cableUITests */ = {
			isa = PBXGroup;
			children = (
				C1B0A1061EFC70EA003BEE91 /* cableUITests.swift */,
				C1B0A1081EFC70EA003BEE91 /* Info.plist */,
			);
			path = cableUITests;
			sourceTree = "<group>";
		};
		C1B0A1141EFC749A003BEE91 /* Extensions */ = {
			isa = PBXGroup;
			children = (
				C1B0A1151EFC74AF003BEE91 /* Extensions.swift */,
			);
			name = Extensions;
			sourceTree = "<group>";
		};
/* End PBXGroup section */

/* Begin PBXNativeTarget section */
		C1B0A0E21EFC70EA003BEE91 /* cable */ = {
			isa = PBXNativeTarget;
			buildConfigurationList = C1B0A10B1EFC70EA003BEE91 /* Build configuration list for PBXNativeTarget "cable" */;
			buildPhases = (
				E3FFF74555F7B427EADE570E /* [CP] Check Pods Manifest.lock */,
				C1B0A0DF1EFC70EA003BEE91 /* Sources */,
				C1B0A0E01EFC70EA003BEE91 /* Frameworks */,
				C1B0A0E11EFC70EA003BEE91 /* Resources */,
				DD959BBCB2173008EA209473 /* [CP] Embed Pods Frameworks */,
				3F12D7341F923130F3154386 /* [CP] Copy Pods Resources */,
			);
			buildRules = (
			);
			dependencies = (
			);
			name = cable;
			productName = cable;
			productReference = C1B0A0E31EFC70EA003BEE91 /* cable.app */;
			productType = "com.apple.product-type.application";
		};
		C1B0A0F61EFC70EA003BEE91 /* cableTests */ = {
			isa = PBXNativeTarget;
			buildConfigurationList = C1B0A10E1EFC70EA003BEE91 /* Build configuration list for PBXNativeTarget "cableTests" */;
			buildPhases = (
				C1B0A0F31EFC70EA003BEE91 /* Sources */,
				C1B0A0F41EFC70EA003BEE91 /* Frameworks */,
				C1B0A0F51EFC70EA003BEE91 /* Resources */,
			);
			buildRules = (
			);
			dependencies = (
				C1B0A0F91EFC70EA003BEE91 /* PBXTargetDependency */,
			);
			name = cableTests;
			productName = cableTests;
			productReference = C1B0A0F71EFC70EA003BEE91 /* cableTests.xctest */;
			productType = "com.apple.product-type.bundle.unit-test";
		};
		C1B0A1011EFC70EA003BEE91 /* cableUITests */ = {
			isa = PBXNativeTarget;
			buildConfigurationList = C1B0A1111EFC70EA003BEE91 /* Build configuration list for PBXNativeTarget "cableUITests" */;
			buildPhases = (
				C1B0A0FE1EFC70EA003BEE91 /* Sources */,
				C1B0A0FF1EFC70EA003BEE91 /* Frameworks */,
				C1B0A1001EFC70EA003BEE91 /* Resources */,
			);
			buildRules = (
			);
			dependencies = (
				C1B0A1041EFC70EA003BEE91 /* PBXTargetDependency */,
			);
			name = cableUITests;
			productName = cableUITests;
			productReference = C1B0A1021EFC70EA003BEE91 /* cableUITests.xctest */;
			productType = "com.apple.product-type.bundle.ui-testing";
		};
/* End PBXNativeTarget section */

/* Begin PBXProject section */
		C1B0A0DB1EFC70EA003BEE91 /* Project object */ = {
			isa = PBXProject;
			attributes = {
				LastSwiftUpdateCheck = 0830;
				LastUpgradeCheck = 0830;
				ORGANIZATIONNAME = "Shane Alton";
				TargetAttributes = {
					C1B0A0E21EFC70EA003BEE91 = {
						CreatedOnToolsVersion = 8.3.3;
						ProvisioningStyle = Automatic;
					};
					C1B0A0F61EFC70EA003BEE91 = {
						CreatedOnToolsVersion = 8.3.3;
						ProvisioningStyle = Automatic;
						TestTargetID = C1B0A0E21EFC70EA003BEE91;
					};
					C1B0A1011EFC70EA003BEE91 = {
						CreatedOnToolsVersion = 8.3.3;
						ProvisioningStyle = Automatic;
						TestTargetID = C1B0A0E21EFC70EA003BEE91;
					};
				};
			};
			buildConfigurationList = C1B0A0DE1EFC70EA003BEE91 /* Build configuration list for PBXProject "cable" */;
			compatibilityVersion = "Xcode 3.2";
			developmentRegion = English;
			hasScannedForEncodings = 0;
			knownRegions = (
				en,
				Base,
			);
			mainGroup = C1B0A0DA1EFC70EA003BEE91;
			productRefGroup = C1B0A0E41EFC70EA003BEE91 /* Products */;
			projectDirPath = "";
			projectRoot = "";
			targets = (
				C1B0A0E21EFC70EA003BEE91 /* cable */,
				C1B0A0F61EFC70EA003BEE91 /* cableTests */,
				C1B0A1011EFC70EA003BEE91 /* cableUITests */,
			);
		};
/* End PBXProject section */

/* Begin PBXResourcesBuildPhase section */
		C1B0A0E11EFC70EA003BEE91 /* Resources */ = {
			isa = PBXResourcesBuildPhase;
			buildActionMask = 2147483647;
			files = (
				C1B0A0F11EFC70EA003BEE91 /* LaunchScreen.storyboard in Resources */,
				C1B0A0EE1EFC70EA003BEE91 /* Assets.xcassets in Resources */,
				C16FF73D1EFF1CEC00136C4B /* GoogleService-Info.plist in Resources */,
			);
			runOnlyForDeploymentPostprocessing = 0;
		};
		C1B0A0F51EFC70EA003BEE91 /* Resources */ = {
			isa = PBXResourcesBuildPhase;
			buildActionMask = 2147483647;
			files = (
			);
			runOnlyForDeploymentPostprocessing = 0;
		};
		C1B0A1001EFC70EA003BEE91 /* Resources */ = {
			isa = PBXResourcesBuildPhase;
			buildActionMask = 2147483647;
			files = (
			);
			runOnlyForDeploymentPostprocessing = 0;
		};
/* End PBXResourcesBuildPhase section */

/* Begin PBXShellScriptBuildPhase section */
		3F12D7341F923130F3154386 /* [CP] Copy Pods Resources */ = {
			isa = PBXShellScriptBuildPhase;
			buildActionMask = 2147483647;
			files = (
			);
			inputPaths = (
			);
			name = "[CP] Copy Pods Resources";
			outputPaths = (
			);
			runOnlyForDeploymentPostprocessing = 0;
			shellPath = /bin/sh;
			shellScript = "\"${SRCROOT}/Pods/Target Support Files/Pods-cable/Pods-cable-resources.sh\"\n";
			showEnvVarsInLog = 0;
		};
		DD959BBCB2173008EA209473 /* [CP] Embed Pods Frameworks */ = {
			isa = PBXShellScriptBuildPhase;
			buildActionMask = 2147483647;
			files = (
			);
			inputPaths = (
			);
			name = "[CP] Embed Pods Frameworks";
			outputPaths = (
			);
			runOnlyForDeploymentPostprocessing = 0;
			shellPath = /bin/sh;
			shellScript = "\"${SRCROOT}/Pods/Target Support Files/Pods-cable/Pods-cable-frameworks.sh\"\n";
			showEnvVarsInLog = 0;
		};
		E3FFF74555F7B427EADE570E /* [CP] Check Pods Manifest.lock */ = {
			isa = PBXShellScriptBuildPhase;
			buildActionMask = 2147483647;
			files = (
			);
			inputPaths = (
			);
			name = "[CP] Check Pods Manifest.lock";
			outputPaths = (
			);
			runOnlyForDeploymentPostprocessing = 0;
			shellPath = /bin/sh;
			shellScript = "diff \"${PODS_ROOT}/../Podfile.lock\" \"${PODS_ROOT}/Manifest.lock\" > /dev/null\nif [ $? != 0 ] ; then\n    # print error to STDERR\n    echo \"error: The sandbox is not in sync with the Podfile.lock. Run 'pod install' or update your CocoaPods installation.\" >&2\n    exit 1\nfi\n";
			showEnvVarsInLog = 0;
		};
/* End PBXShellScriptBuildPhase section */

/* Begin PBXSourcesBuildPhase section */
		C1B0A0DF1EFC70EA003BEE91 /* Sources */ = {
			isa = PBXSourcesBuildPhase;
			buildActionMask = 2147483647;
			files = (
				C1B0A0E91EFC70EA003BEE91 /* HomeController.swift in Sources */,
				C16FF7381EFD98BA00136C4B /* LoginController.swift in Sources */,
				C1B0A1161EFC74AF003BEE91 /* Extensions.swift in Sources */,
				C1B0A0E71EFC70EA003BEE91 /* AppDelegate.swift in Sources */,
				C16FF73B1EFDF4BC00136C4B /* HomeCell.swift in Sources */,
			);
			runOnlyForDeploymentPostprocessing = 0;
		};
		C1B0A0F31EFC70EA003BEE91 /* Sources */ = {
			isa = PBXSourcesBuildPhase;
			buildActionMask = 2147483647;
			files = (
				C1B0A0FC1EFC70EA003BEE91 /* cableTests.swift in Sources */,
			);
			runOnlyForDeploymentPostprocessing = 0;
		};
		C1B0A0FE1EFC70EA003BEE91 /* Sources */ = {
			isa = PBXSourcesBuildPhase;
			buildActionMask = 2147483647;
			files = (
				C1B0A1071EFC70EA003BEE91 /* cableUITests.swift in Sources */,
			);
			runOnlyForDeploymentPostprocessing = 0;
		};
/* End PBXSourcesBuildPhase section */

/* Begin PBXTargetDependency section */
		C1B0A0F91EFC70EA003BEE91 /* PBXTargetDependency */ = {
			isa = PBXTargetDependency;
			target = C1B0A0E21EFC70EA003BEE91 /* cable */;
			targetProxy = C1B0A0F81EFC70EA003BEE91 /* PBXContainerItemProxy */;
		};
		C1B0A1041EFC70EA003BEE91 /* PBXTargetDependency */ = {
			isa = PBXTargetDependency;
			target = C1B0A0E21EFC70EA003BEE91 /* cable */;
			targetProxy = C1B0A1031EFC70EA003BEE91 /* PBXContainerItemProxy */;
		};
/* End PBXTargetDependency section */

/* Begin PBXVariantGroup section */
		C1B0A0EF1EFC70EA003BEE91 /* LaunchScreen.storyboard */ = {
			isa = PBXVariantGroup;
			children = (
				C1B0A0F01EFC70EA003BEE91 /* Base */,
			);
			name = LaunchScreen.storyboard;
			sourceTree = "<group>";
		};
/* End PBXVariantGroup section */

/* Begin XCBuildConfiguration section */
		C1B0A1091EFC70EA003BEE91 /* Debug */ = {
			isa = XCBuildConfiguration;
			buildSettings = {
				ALWAYS_SEARCH_USER_PATHS = NO;
				CLANG_ANALYZER_NONNULL = YES;
				CLANG_ANALYZER_NUMBER_OBJECT_CONVERSION = YES_AGGRESSIVE;
				CLANG_CXX_LANGUAGE_STANDARD = "gnu++0x";
				CLANG_CXX_LIBRARY = "libc++";
				CLANG_ENABLE_MODULES = YES;
				CLANG_ENABLE_OBJC_ARC = YES;
				CLANG_WARN_BOOL_CONVERSION = YES;
				CLANG_WARN_CONSTANT_CONVERSION = YES;
				CLANG_WARN_DIRECT_OBJC_ISA_USAGE = YES_ERROR;
				CLANG_WARN_DOCUMENTATION_COMMENTS = YES;
				CLANG_WARN_EMPTY_BODY = YES;
				CLANG_WARN_ENUM_CONVERSION = YES;
				CLANG_WARN_INFINITE_RECURSION = YES;
				CLANG_WARN_INT_CONVERSION = YES;
				CLANG_WARN_OBJC_ROOT_CLASS = YES_ERROR;
				CLANG_WARN_SUSPICIOUS_MOVE = YES;
				CLANG_WARN_UNREACHABLE_CODE = YES;
				CLANG_WARN__DUPLICATE_METHOD_MATCH = YES;
				"CODE_SIGN_IDENTITY[sdk=iphoneos*]" = "iPhone Developer";
				COPY_PHASE_STRIP = NO;
				DEBUG_INFORMATION_FORMAT = dwarf;
				ENABLE_STRICT_OBJC_MSGSEND = YES;
				ENABLE_TESTABILITY = YES;
				GCC_C_LANGUAGE_STANDARD = gnu99;
				GCC_DYNAMIC_NO_PIC = NO;
				GCC_NO_COMMON_BLOCKS = YES;
				GCC_OPTIMIZATION_LEVEL = 0;
				GCC_PREPROCESSOR_DEFINITIONS = (
					"DEBUG=1",
					"$(inherited)",
				);
				GCC_WARN_64_TO_32_BIT_CONVERSION = YES;
				GCC_WARN_ABOUT_RETURN_TYPE = YES_ERROR;
				GCC_WARN_UNDECLARED_SELECTOR = YES;
				GCC_WARN_UNINITIALIZED_AUTOS = YES_AGGRESSIVE;
				GCC_WARN_UNUSED_FUNCTION = YES;
				GCC_WARN_UNUSED_VARIABLE = YES;
				IPHONEOS_DEPLOYMENT_TARGET = 10.3;
				MTL_ENABLE_DEBUG_INFO = YES;
				ONLY_ACTIVE_ARCH = YES;
				SDKROOT = iphoneos;
				SWIFT_ACTIVE_COMPILATION_CONDITIONS = DEBUG;
				SWIFT_OPTIMIZATION_LEVEL = "-Onone";
				TARGETED_DEVICE_FAMILY = "1,2";
			};
			name = Debug;
		};
		C1B0A10A1EFC70EA003BEE91 /* Release */ = {
			isa = XCBuildConfiguration;
			buildSettings = {
				ALWAYS_SEARCH_USER_PATHS = NO;
				CLANG_ANALYZER_NONNULL = YES;
				CLANG_ANALYZER_NUMBER_OBJECT_CONVERSION = YES_AGGRESSIVE;
				CLANG_CXX_LANGUAGE_STANDARD = "gnu++0x";
				CLANG_CXX_LIBRARY = "libc++";
				CLANG_ENABLE_MODULES = YES;
				CLANG_ENABLE_OBJC_ARC = YES;
				CLANG_WARN_BOOL_CONVERSION = YES;
				CLANG_WARN_CONSTANT_CONVERSION = YES;
				CLANG_WARN_DIRECT_OBJC_ISA_USAGE = YES_ERROR;
				CLANG_WARN_DOCUMENTATION_COMMENTS = YES;
				CLANG_WARN_EMPTY_BODY = YES;
				CLANG_WARN_ENUM_CONVERSION = YES;
				CLANG_WARN_INFINITE_RECURSION = YES;
				CLANG_WARN_INT_CONVERSION = YES;
				CLANG_WARN_OBJC_ROOT_CLASS = YES_ERROR;
				CLANG_WARN_SUSPICIOUS_MOVE = YES;
				CLANG_WARN_UNREACHABLE_CODE = YES;
				CLANG_WARN__DUPLICATE_METHOD_MATCH = YES;
				"CODE_SIGN_IDENTITY[sdk=iphoneos*]" = "iPhone Developer";
				COPY_PHASE_STRIP = NO;
				DEBUG_INFORMATION_FORMAT = "dwarf-with-dsym";
				ENABLE_NS_ASSERTIONS = NO;
				ENABLE_STRICT_OBJC_MSGSEND = YES;
				GCC_C_LANGUAGE_STANDARD = gnu99;
				GCC_NO_COMMON_BLOCKS = YES;
				GCC_WARN_64_TO_32_BIT_CONVERSION = YES;
				GCC_WARN_ABOUT_RETURN_TYPE = YES_ERROR;
				GCC_WARN_UNDECLARED_SELECTOR = YES;
				GCC_WARN_UNINITIALIZED_AUTOS = YES_AGGRESSIVE;
				GCC_WARN_UNUSED_FUNCTION = YES;
				GCC_WARN_UNUSED_VARIABLE = YES;
				IPHONEOS_DEPLOYMENT_TARGET = 10.3;
				MTL_ENABLE_DEBUG_INFO = NO;
				SDKROOT = iphoneos;
				SWIFT_OPTIMIZATION_LEVEL = "-Owholemodule";
				TARGETED_DEVICE_FAMILY = "1,2";
				VALIDATE_PRODUCT = YES;
			};
			name = Release;
		};
		C1B0A10C1EFC70EA003BEE91 /* Debug */ = {
			isa = XCBuildConfiguration;
			baseConfigurationReference = 7A7FBFA21CA98BBCE20FCE7D /* Pods-cable.debug.xcconfig */;
			buildSettings = {
				ASSETCATALOG_COMPILER_APPICON_NAME = AppIcon;
				INFOPLIST_FILE = cable/Info.plist;
				LD_RUNPATH_SEARCH_PATHS = "$(inherited) @executable_path/Frameworks";
				PRODUCT_BUNDLE_IDENTIFIER = "com.Shane-Alton.cable";
				PRODUCT_NAME = "$(TARGET_NAME)";
				SWIFT_VERSION = 3.0;
			};
			name = Debug;
		};
		C1B0A10D1EFC70EA003BEE91 /* Release */ = {
			isa = XCBuildConfiguration;
			baseConfigurationReference = C4A6C75A2D90774055CF2FEC /* Pods-cable.release.xcconfig */;
			buildSettings = {
				ASSETCATALOG_COMPILER_APPICON_NAME = AppIcon;
				INFOPLIST_FILE = cable/Info.plist;
				LD_RUNPATH_SEARCH_PATHS = "$(inherited) @executable_path/Frameworks";
				PRODUCT_BUNDLE_IDENTIFIER = "com.Shane-Alton.cable";
				PRODUCT_NAME = "$(TARGET_NAME)";
				SWIFT_VERSION = 3.0;
			};
			name = Release;
		};
		C1B0A10F1EFC70EA003BEE91 /* Debug */ = {
			isa = XCBuildConfiguration;
			buildSettings = {
				ALWAYS_EMBED_SWIFT_STANDARD_LIBRARIES = YES;
				BUNDLE_LOADER = "$(TEST_HOST)";
				INFOPLIST_FILE = cableTests/Info.plist;
				LD_RUNPATH_SEARCH_PATHS = "$(inherited) @executable_path/Frameworks @loader_path/Frameworks";
				PRODUCT_BUNDLE_IDENTIFIER = "com.Shane-Alton.cableTests";
				PRODUCT_NAME = "$(TARGET_NAME)";
				SWIFT_VERSION = 3.0;
				TEST_HOST = "$(BUILT_PRODUCTS_DIR)/cable.app/cable";
			};
			name = Debug;
		};
		C1B0A1101EFC70EA003BEE91 /* Release */ = {
			isa = XCBuildConfiguration;
			buildSettings = {
				ALWAYS_EMBED_SWIFT_STANDARD_LIBRARIES = YES;
				BUNDLE_LOADER = "$(TEST_HOST)";
				INFOPLIST_FILE = cableTests/Info.plist;
				LD_RUNPATH_SEARCH_PATHS = "$(inherited) @executable_path/Frameworks @loader_path/Frameworks";
				PRODUCT_BUNDLE_IDENTIFIER = "com.Shane-Alton.cableTests";
				PRODUCT_NAME = "$(TARGET_NAME)";
				SWIFT_VERSION = 3.0;
				TEST_HOST = "$(BUILT_PRODUCTS_DIR)/cable.app/cable";
			};
			name = Release;
		};
		C1B0A1121EFC70EA003BEE91 /* Debug */ = {
			isa = XCBuildConfiguration;
			buildSettings = {
				ALWAYS_EMBED_SWIFT_STANDARD_LIBRARIES = YES;
				INFOPLIST_FILE = cableUITests/Info.plist;
				LD_RUNPATH_SEARCH_PATHS = "$(inherited) @executable_path/Frameworks @loader_path/Frameworks";
				PRODUCT_BUNDLE_IDENTIFIER = "com.Shane-Alton.cableUITests";
				PRODUCT_NAME = "$(TARGET_NAME)";
				SWIFT_VERSION = 3.0;
				TEST_TARGET_NAME = cable;
			};
			name = Debug;
		};
		C1B0A1131EFC70EA003BEE91 /* Release */ = {
			isa = XCBuildConfiguration;
			buildSettings = {
				ALWAYS_EMBED_SWIFT_STANDARD_LIBRARIES = YES;
				INFOPLIST_FILE = cableUITests/Info.plist;
				LD_RUNPATH_SEARCH_PATHS = "$(inherited) @executable_path/Frameworks @loader_path/Frameworks";
				PRODUCT_BUNDLE_IDENTIFIER = "com.Shane-Alton.cableUITests";
				PRODUCT_NAME = "$(TARGET_NAME)";
				SWIFT_VERSION = 3.0;
				TEST_TARGET_NAME = cable;
			};
			name = Release;
		};
/* End XCBuildConfiguration section */

/* Begin XCConfigurationList section */
		C1B0A0DE1EFC70EA003BEE91 /* Build configuration list for PBXProject "cable" */ = {
			isa = XCConfigurationList;
			buildConfigurations = (
				C1B0A1091EFC70EA003BEE91 /* Debug */,
				C1B0A10A1EFC70EA003BEE91 /* Release */,
			);
			defaultConfigurationIsVisible = 0;
			defaultConfigurationName = Release;
		};
		C1B0A10B1EFC70EA003BEE91 /* Build configuration list for PBXNativeTarget "cable" */ = {
			isa = XCConfigurationList;
			buildConfigurations = (
				C1B0A10C1EFC70EA003BEE91 /* Debug */,
				C1B0A10D1EFC70EA003BEE91 /* Release */,
			);
			defaultConfigurationIsVisible = 0;
			defaultConfigurationName = Release;
		};
		C1B0A10E1EFC70EA003BEE91 /* Build configuration list for PBXNativeTarget "cableTests" */ = {
			isa = XCConfigurationList;
			buildConfigurations = (
				C1B0A10F1EFC70EA003BEE91 /* Debug */,
				C1B0A1101EFC70EA003BEE91 /* Release */,
			);
			defaultConfigurationIsVisible = 0;
			defaultConfigurationName = Release;
		};
		C1B0A1111EFC70EA003BEE91 /* Build configuration list for PBXNativeTarget "cableUITests" */ = {
			isa = XCConfigurationList;
			buildConfigurations = (
				C1B0A1121EFC70EA003BEE91 /* Debug */,
				C1B0A1131EFC70EA003BEE91 /* Release */,
			);
			defaultConfigurationIsVisible = 0;
			defaultConfigurationName = Release;
		};
/* End XCConfigurationList section */
	};
	rootObject = C1B0A0DB1EFC70EA003BEE91 /* Project object */;
}
